
Microsoft Visual Studio Solution File, Format Version 12.00
# Visual Studio Version 17
VisualStudioVersion = 17.4.33213.308
MinimumVisualStudioVersion = 10.0.40219.1
Project("{FAE04EC0-301F-11D3-BF4B-00C04F79EFBC}") = "dzien ostatni", "dzien ostatni\dzien ostatni.csproj", "{B76BBA72-2C0D-4AA7-A7F9-BB862598F6DD}"
EndProject
Global
	GlobalSection(SolutionConfigurationPlatforms) = preSolution
		Debug|Any CPU = Debug|Any CPU
		Release|Any CPU = Release|Any CPU
	EndGlobalSection
	GlobalSection(ProjectConfigurationPlatforms) = postSolution
		{B76BBA72-2C0D-4AA7-A7F9-BB862598F6DD}.Debug|Any CPU.ActiveCfg = Debug|Any CPU
		{B76BBA72-2C0D-4AA7-A7F9-BB862598F6DD}.Debug|Any CPU.Build.0 = Debug|Any CPU
		{B76BBA72-2C0D-4AA7-A7F9-BB862598F6DD}.Release|Any CPU.ActiveCfg = Release|Any CPU
		{B76BBA72-2C0D-4AA7-A7F9-BB862598F6DD}.Release|Any CPU.Build.0 = Release|Any CPU
	EndGlobalSection
	GlobalSection(SolutionProperties) = preSolution
		HideSolutionNode = FALSE
	EndGlobalSection
	GlobalSection(ExtensibilityGlobals) = postSolution
		SolutionGuid = {67CBAE25-5CF5-45B4-A9E9-105810F9AC07}
	EndGlobalSection
EndGlobal
